[[package]]
name = "async-timeout"
version = "4.0.2"
description = "Timeout context manager for asyncio programs"
category = "main"
optional = false
python-versions = ">=3.6"

[[package]]
name = "attrs"
version = "22.1.0"
description = "Classes Without Boilerplate"
category = "dev"
optional = false
python-versions = ">=3.5"

[package.extras]
dev = ["cloudpickle", "coverage[toml] (>=5.0.2)", "furo", "hypothesis", "mypy (>=0.900,!=0.940)", "pre-commit", "pympler", "pytest (>=4.3.0)", "pytest-mypy-plugins", "sphinx", "sphinx-notfound-page", "zope.interface"]
docs = ["furo", "sphinx", "sphinx-notfound-page", "zope.interface"]
tests = ["cloudpickle", "coverage[toml] (>=5.0.2)", "hypothesis", "mypy (>=0.900,!=0.940)", "pympler", "pytest (>=4.3.0)", "pytest-mypy-plugins", "zope.interface"]
tests-no-zope = ["cloudpickle", "coverage[toml] (>=5.0.2)", "hypothesis", "mypy (>=0.900,!=0.940)", "pympler", "pytest (>=4.3.0)", "pytest-mypy-plugins"]

[[package]]
name = "black"
version = "22.10.0"
description = "The uncompromising code formatter."
category = "dev"
optional = false
python-versions = ">=3.7"

[package.dependencies]
click = ">=8.0.0"
mypy-extensions = ">=0.4.3"
pathspec = ">=0.9.0"
platformdirs = ">=2"
tomli = {version = ">=1.1.0", markers = "python_full_version < \"3.11.0a7\""}
typing-extensions = {version = ">=3.10.0.0", markers = "python_version < \"3.10\""}

[package.extras]
colorama = ["colorama (>=0.4.3)"]
d = ["aiohttp (>=3.7.4)"]
jupyter = ["ipython (>=7.8.0)", "tokenize-rt (>=3.2.0)"]
uvloop = ["uvloop (>=0.15.2)"]

[[package]]
name = "bleak"
version = "0.19.4"
description = "Bluetooth Low Energy platform Agnostic Klient"
category = "main"
optional = false
python-versions = ">=3.7,<4.0"

[package.dependencies]
async-timeout = ">=3.0.0,<5"
bleak-winrt = {version = ">=1.2.0,<2.0.0", markers = "platform_system == \"Windows\""}
dbus-fast = {version = ">=1.22.0,<2.0.0", markers = "platform_system == \"Linux\""}
pyobjc-core = {version = ">=8.5.1,<9.0.0", markers = "platform_system == \"Darwin\""}
pyobjc-framework-CoreBluetooth = {version = ">=8.5.1,<9.0.0", markers = "platform_system == \"Darwin\""}
pyobjc-framework-libdispatch = {version = ">=8.5.1,<9.0.0", markers = "platform_system == \"Darwin\""}

[[package]]
name = "bleak-winrt"
version = "1.2.0"
description = "Python WinRT bindings for Bleak"
category = "main"
optional = false
python-versions = "*"

[[package]]
name = "click"
version = "8.1.3"
description = "Composable command line interface toolkit"
category = "dev"
optional = false
python-versions = ">=3.7"

[package.dependencies]
colorama = {version = "*", markers = "platform_system == \"Windows\""}

[[package]]
name = "colorama"
version = "0.4.6"
description = "Cross-platform colored terminal text."
category = "dev"
optional = false
python-versions = "!=3.0.*,!=3.1.*,!=3.2.*,!=3.3.*,!=3.4.*,!=3.5.*,!=3.6.*,>=2.7"

[[package]]
name = "dbus-fast"
version = "1.72.0"
description = "A faster version of dbus-next"
category = "main"
optional = false
python-versions = ">=3.7,<4.0"

[package.dependencies]
async-timeout = {version = ">=3.0.0", markers = "python_version < \"3.11\""}

[[package]]
name = "exceptiongroup"
version = "1.0.1"
description = "Backport of PEP 654 (exception groups)"
category = "dev"
optional = false
python-versions = ">=3.7"

[package.extras]
test = ["pytest (>=6)"]

[[package]]
name = "flake8"
version = "5.0.4"
description = "the modular source code checker: pep8 pyflakes and co"
category = "dev"
optional = false
python-versions = ">=3.6.1"

[package.dependencies]
mccabe = ">=0.7.0,<0.8.0"
pycodestyle = ">=2.9.0,<2.10.0"
pyflakes = ">=2.5.0,<2.6.0"

[[package]]
name = "iniconfig"
version = "1.1.1"
description = "iniconfig: brain-dead simple config-ini parsing"
category = "dev"
optional = false
python-versions = "*"

[[package]]
name = "mccabe"
version = "0.7.0"
description = "McCabe checker, plugin for flake8"
category = "dev"
optional = false
python-versions = ">=3.6"

[[package]]
name = "mypy-extensions"
version = "0.4.3"
description = "Experimental type system extensions for programs checked with the mypy typechecker."
category = "dev"
optional = false
python-versions = "*"

[[package]]
name = "packaging"
version = "21.3"
description = "Core utilities for Python packages"
category = "dev"
optional = false
python-versions = ">=3.6"

[package.dependencies]
pyparsing = ">=2.0.2,<3.0.5 || >3.0.5"

[[package]]
name = "pathspec"
version = "0.10.1"
description = "Utility library for gitignore style pattern matching of file paths."
category = "dev"
optional = false
python-versions = ">=3.7"

[[package]]
name = "platformdirs"
version = "2.5.3"
description = "A small Python package for determining appropriate platform-specific dirs, e.g. a \"user data dir\"."
category = "dev"
optional = false
python-versions = ">=3.7"

[package.extras]
docs = ["furo (>=2022.9.29)", "proselint (>=0.13)", "sphinx (>=5.3)", "sphinx-autodoc-typehints (>=1.19.4)"]
test = ["appdirs (==1.4.4)", "pytest (>=7.2)", "pytest-cov (>=4)", "pytest-mock (>=3.10)"]

[[package]]
name = "pluggy"
version = "1.0.0"
description = "plugin and hook calling mechanisms for python"
category = "dev"
optional = false
python-versions = ">=3.6"

[package.extras]
dev = ["pre-commit", "tox"]
testing = ["pytest", "pytest-benchmark"]

[[package]]
name = "pycodestyle"
version = "2.9.1"
description = "Python style guide checker"
category = "dev"
optional = false
python-versions = ">=3.6"

[[package]]
name = "pyflakes"
version = "2.5.0"
description = "passive checker of Python programs"
category = "dev"
optional = false
python-versions = ">=3.6"

[[package]]
name = "pyobjc-core"
version = "8.5.1"
description = "Python<->ObjC Interoperability Module"
category = "main"
optional = false
python-versions = ">=3.6"

[[package]]
name = "pyobjc-framework-cocoa"
version = "8.5.1"
description = "Wrappers for the Cocoa frameworks on macOS"
category = "main"
optional = false
python-versions = ">=3.6"

[package.dependencies]
pyobjc-core = ">=8.5.1"

[[package]]
name = "pyobjc-framework-corebluetooth"
version = "8.5.1"
description = "Wrappers for the framework CoreBluetooth on macOS"
category = "main"
optional = false
python-versions = ">=3.6"

[package.dependencies]
pyobjc-core = ">=8.5.1"
pyobjc-framework-Cocoa = ">=8.5.1"

[[package]]
name = "pyobjc-framework-libdispatch"
version = "8.5.1"
description = "Wrappers for libdispatch on macOS"
category = "main"
optional = false
python-versions = ">=3.6"

[package.dependencies]
pyobjc-core = ">=8.5.1"

[[package]]
name = "pyparsing"
version = "3.0.9"
description = "pyparsing module - Classes and methods to define and execute parsing grammars"
category = "dev"
optional = false
python-versions = ">=3.6.8"

[package.extras]
diagrams = ["jinja2", "railroad-diagrams"]

[[package]]
name = "pytest"
version = "7.2.0"
description = "pytest: simple powerful testing with Python"
category = "dev"
optional = false
python-versions = ">=3.7"

[package.dependencies]
attrs = ">=19.2.0"
colorama = {version = "*", markers = "sys_platform == \"win32\""}
exceptiongroup = {version = ">=1.0.0rc8", markers = "python_version < \"3.11\""}
iniconfig = "*"
packaging = "*"
pluggy = ">=0.12,<2.0"
tomli = {version = ">=1.0.0", markers = "python_version < \"3.11\""}

[package.extras]
testing = ["argcomplete", "hypothesis (>=3.56)", "mock", "nose", "pygments (>=2.7.2)", "requests", "xmlschema"]

[[package]]
name = "pytest-asyncio"
version = "0.20.1"
description = "Pytest support for asyncio"
category = "dev"
optional = false
python-versions = ">=3.7"

[package.dependencies]
pytest = ">=6.1.0"

[package.extras]
testing = ["coverage (>=6.2)", "flaky (>=3.5.0)", "hypothesis (>=5.7.1)", "mypy (>=0.931)", "pytest-trio (>=0.7.0)"]

[[package]]
name = "tomli"
version = "2.0.1"
description = "A lil' TOML parser"
category = "dev"
optional = false
python-versions = ">=3.7"

[[package]]
name = "typing-extensions"
version = "4.4.0"
description = "Backported and Experimental Type Hints for Python 3.7+"
category = "dev"
optional = false
python-versions = ">=3.7"

[metadata]
lock-version = "1.1"
python-versions = "^3.8"
content-hash = "a7fba149b7febb9f2c6d6eff60c3a50a00bb2817139c9650b6e2e5c9bf0a93e9"

[metadata.files]
async-timeout = [
    {file = "async-timeout-4.0.2.tar.gz", hash = "sha256:2163e1640ddb52b7a8c80d0a67a08587e5d245cc9c553a74a847056bc2976b15"},
    {file = "async_timeout-4.0.2-py3-none-any.whl", hash = "sha256:8ca1e4fcf50d07413d66d1a5e416e42cfdf5851c981d679a09851a6853383b3c"},
]
attrs = [
    {file = "attrs-22.1.0-py2.py3-none-any.whl", hash = "sha256:86efa402f67bf2df34f51a335487cf46b1ec130d02b8d39fd248abfd30da551c"},
    {file = "attrs-22.1.0.tar.gz", hash = "sha256:29adc2665447e5191d0e7c568fde78b21f9672d344281d0c6e1ab085429b22b6"},
]
black = [
    {file = "black-22.10.0-1fixedarch-cp310-cp310-macosx_11_0_x86_64.whl", hash = "sha256:5cc42ca67989e9c3cf859e84c2bf014f6633db63d1cbdf8fdb666dcd9e77e3fa"},
    {file = "black-22.10.0-1fixedarch-cp311-cp311-macosx_11_0_x86_64.whl", hash = "sha256:5d8f74030e67087b219b032aa33a919fae8806d49c867846bfacde57f43972ef"},
    {file = "black-22.10.0-1fixedarch-cp37-cp37m-macosx_10_16_x86_64.whl", hash = "sha256:197df8509263b0b8614e1df1756b1dd41be6738eed2ba9e9769f3880c2b9d7b6"},
    {file = "black-22.10.0-1fixedarch-cp38-cp38-macosx_10_16_x86_64.whl", hash = "sha256:2644b5d63633702bc2c5f3754b1b475378fbbfb481f62319388235d0cd104c2d"},
    {file = "black-22.10.0-1fixedarch-cp39-cp39-macosx_11_0_x86_64.whl", hash = "sha256:e41a86c6c650bcecc6633ee3180d80a025db041a8e2398dcc059b3afa8382cd4"},
    {file = "black-22.10.0-cp310-cp310-macosx_11_0_arm64.whl", hash = "sha256:2039230db3c6c639bd84efe3292ec7b06e9214a2992cd9beb293d639c6402edb"},
    {file = "black-22.10.0-cp310-cp310-manylinux_2_17_x86_64.manylinux2014_x86_64.whl", hash = "sha256:14ff67aec0a47c424bc99b71005202045dc09270da44a27848d534600ac64fc7"},
    {file = "black-22.10.0-cp310-cp310-win_amd64.whl", hash = "sha256:819dc789f4498ecc91438a7de64427c73b45035e2e3680c92e18795a839ebb66"},
    {file = "black-22.10.0-cp311-cp311-macosx_11_0_arm64.whl", hash = "sha256:5b9b29da4f564ba8787c119f37d174f2b69cdfdf9015b7d8c5c16121ddc054ae"},
    {file = "black-22.10.0-cp311-cp311-manylinux_2_17_x86_64.manylinux2014_x86_64.whl", hash = "sha256:b8b49776299fece66bffaafe357d929ca9451450f5466e997a7285ab0fe28e3b"},
    {file = "black-22.10.0-cp311-cp311-win_amd64.whl", hash = "sha256:21199526696b8f09c3997e2b4db8d0b108d801a348414264d2eb8eb2532e540d"},
    {file = "black-22.10.0-cp37-cp37m-manylinux_2_17_x86_64.manylinux2014_x86_64.whl", hash = "sha256:1e464456d24e23d11fced2bc8c47ef66d471f845c7b7a42f3bd77bf3d1789650"},
    {file = "black-22.10.0-cp37-cp37m-win_amd64.whl", hash = "sha256:9311e99228ae10023300ecac05be5a296f60d2fd10fff31cf5c1fa4ca4b1988d"},
    {file = "black-22.10.0-cp38-cp38-macosx_11_0_arm64.whl", hash = "sha256:fba8a281e570adafb79f7755ac8721b6cf1bbf691186a287e990c7929c7692ff"},
    {file = "black-22.10.0-cp38-cp38-manylinux_2_17_x86_64.manylinux2014_x86_64.whl", hash = "sha256:915ace4ff03fdfff953962fa672d44be269deb2eaf88499a0f8805221bc68c87"},
    {file = "black-22.10.0-cp38-cp38-win_amd64.whl", hash = "sha256:444ebfb4e441254e87bad00c661fe32df9969b2bf224373a448d8aca2132b395"},
    {file = "black-22.10.0-cp39-cp39-macosx_11_0_arm64.whl", hash = "sha256:974308c58d057a651d182208a484ce80a26dac0caef2895836a92dd6ebd725e0"},
    {file = "black-22.10.0-cp39-cp39-manylinux_2_17_x86_64.manylinux2014_x86_64.whl", hash = "sha256:72ef3925f30e12a184889aac03d77d031056860ccae8a1e519f6cbb742736383"},
    {file = "black-22.10.0-cp39-cp39-win_amd64.whl", hash = "sha256:432247333090c8c5366e69627ccb363bc58514ae3e63f7fc75c54b1ea80fa7de"},
    {file = "black-22.10.0-py3-none-any.whl", hash = "sha256:c957b2b4ea88587b46cf49d1dc17681c1e672864fd7af32fc1e9664d572b3458"},
    {file = "black-22.10.0.tar.gz", hash = "sha256:f513588da599943e0cde4e32cc9879e825d58720d6557062d1098c5ad80080e1"},
]
bleak = [
    {file = "bleak-0.19.4-py3-none-any.whl", hash = "sha256:3bba56ca4ad81a5a6bfd15a3e7d3979c90102fd608a6a4f981e0cd5a9b23454d"},
    {file = "bleak-0.19.4.tar.gz", hash = "sha256:18754811d42be6f36389612ac5e6774da23f30de43ce60da9be72ced800ea0e1"},
]
bleak-winrt = [
    {file = "bleak-winrt-1.2.0.tar.gz", hash = "sha256:0577d070251b9354fc6c45ffac57e39341ebb08ead014b1bdbd43e211d2ce1d6"},
    {file = "bleak_winrt-1.2.0-cp310-cp310-win32.whl", hash = "sha256:a2ae3054d6843ae0cfd3b94c83293a1dfd5804393977dd69bde91cb5099fc47c"},
    {file = "bleak_winrt-1.2.0-cp310-cp310-win_amd64.whl", hash = "sha256:677df51dc825c6657b3ae94f00bd09b8ab88422b40d6a7bdbf7972a63bc44e9a"},
    {file = "bleak_winrt-1.2.0-cp311-cp311-win32.whl", hash = "sha256:9449cdb942f22c9892bc1ada99e2ccce9bea8a8af1493e81fefb6de2cb3a7b80"},
    {file = "bleak_winrt-1.2.0-cp311-cp311-win_amd64.whl", hash = "sha256:98c1b5a6a6c431ac7f76aa4285b752fe14a1c626bd8a1dfa56f66173ff120bee"},
    {file = "bleak_winrt-1.2.0-cp37-cp37m-win32.whl", hash = "sha256:623ac511696e1f58d83cb9c431e32f613395f2199b3db7f125a3d872cab968a4"},
    {file = "bleak_winrt-1.2.0-cp37-cp37m-win_amd64.whl", hash = "sha256:13ab06dec55469cf51a2c187be7b630a7a2922e1ea9ac1998135974a7239b1e3"},
    {file = "bleak_winrt-1.2.0-cp38-cp38-win32.whl", hash = "sha256:5a36ff8cd53068c01a795a75d2c13054ddc5f99ce6de62c1a97cd343fc4d0727"},
    {file = "bleak_winrt-1.2.0-cp38-cp38-win_amd64.whl", hash = "sha256:810c00726653a962256b7acd8edf81ab9e4a3c66e936a342ce4aec7dbd3a7263"},
    {file = "bleak_winrt-1.2.0-cp39-cp39-win32.whl", hash = "sha256:dd740047a08925bde54bec357391fcee595d7b8ca0c74c87170a5cbc3f97aa0a"},
    {file = "bleak_winrt-1.2.0-cp39-cp39-win_amd64.whl", hash = "sha256:63130c11acfe75c504a79c01f9919e87f009f5e742bfc7b7a5c2a9c72bf591a7"},
]
click = [
    {file = "click-8.1.3-py3-none-any.whl", hash = "sha256:bb4d8133cb15a609f44e8213d9b391b0809795062913b383c62be0ee95b1db48"},
    {file = "click-8.1.3.tar.gz", hash = "sha256:7682dc8afb30297001674575ea00d1814d808d6a36af415a82bd481d37ba7b8e"},
]
colorama = [
    {file = "colorama-0.4.6-py2.py3-none-any.whl", hash = "sha256:4f1d9991f5acc0ca119f9d443620b77f9d6b33703e51011c16baf57afb285fc6"},
    {file = "colorama-0.4.6.tar.gz", hash = "sha256:08695f5cb7ed6e0531a20572697297273c47b8cae5a63ffc6d6ed5c201be6e44"},
]
dbus-fast = [
    {file = "dbus_fast-1.72.0-cp310-cp310-manylinux_2_17_i686.manylinux_2_5_i686.manylinux1_i686.manylinux2014_i686.whl", hash = "sha256:3491d087c9540116c3f8687a85df91f90ca74debb683b249e5acac53116af9f1"},
    {file = "dbus_fast-1.72.0-cp310-cp310-manylinux_2_17_x86_64.manylinux2014_x86_64.whl", hash = "sha256:b76f10087a6e6d7746df017ce691362e0b89886095192caed03db04d891cbc77"},
    {file = "dbus_fast-1.72.0-cp310-cp310-musllinux_1_1_i686.whl", hash = "sha256:3fdb56190459bec48f68d811a67577484ec8a81b515fb2bd018dd542833211ad"},
    {file = "dbus_fast-1.72.0-cp310-cp310-musllinux_1_1_x86_64.whl", hash = "sha256:9a224d4f3341abc91de9719e1cd688f7d2d26be24f1445a4024fbc84c3bc2a15"},
    {file = "dbus_fast-1.72.0-cp311-cp311-manylinux_2_17_i686.manylinux_2_5_i686.manylinux1_i686.manylinux2014_i686.whl", hash = "sha256:0b0312b24f6b34f66f9c45706b74789e2cde65fc58034d19e0aec7803d56ff2e"},
    {file = "dbus_fast-1.72.0-cp311-cp311-manylinux_2_17_x86_64.manylinux2014_x86_64.whl", hash = "sha256:76ffef2ff7bf7bbcd8b1a2e547bcacfa21027c6afb754479e8b7e5749eaf97f4"},
    {file = "dbus_fast-1.72.0-cp311-cp311-musllinux_1_1_i686.whl", hash = "sha256:48c7f6119e18d2c72314f63301c7465a6ac02b509903176d3a03e78f59cee97a"},
    {file = "dbus_fast-1.72.0-cp311-cp311-musllinux_1_1_x86_64.whl", hash = "sha256:4535cd86d121b23d04cb600e9069b819b01037541275af4fad069e2fa5601f20"},
    {file = "dbus_fast-1.72.0-cp37-cp37m-manylinux_2_17_i686.manylinux_2_5_i686.manylinux1_i686.manylinux2014_i686.whl", hash = "sha256:0c982a680e71cb5e87ed2e9514e0c36d8a9ee7cb0d4e788f65116e14a408f7a0"},
    {file = "dbus_fast-1.72.0-cp37-cp37m-manylinux_2_17_x86_64.manylinux2014_x86_64.whl", hash = "sha256:1782fdb42a4eb3b9c05fc2fc75d97658962df9a42d68f5208d5a128de69496da"},
    {file = "dbus_fast-1.72.0-cp37-cp37m-musllinux_1_1_i686.whl", hash = "sha256:cd66c508f277812d3db93dee07a90870d32e1f38dfa03d1fa77b16a585203f9d"},
    {file = "dbus_fast-1.72.0-cp37-cp37m-musllinux_1_1_x86_64.whl", hash = "sha256:ea91b701de609a2fba2806de00eb2c33508aeeda750bcb80e5db8dbea4a634c6"},
    {file = "dbus_fast-1.72.0-cp38-cp38-manylinux_2_17_i686.manylinux_2_5_i686.manylinux1_i686.manylinux2014_i686.whl", hash = "sha256:5ce05e96e4bb9d4d78e18f68d4e832996751a8f3f7a48761e3e608ae50aa0142"},
    {file = "dbus_fast-1.72.0-cp38-cp38-manylinux_2_17_x86_64.manylinux2014_x86_64.whl", hash = "sha256:780246c056bb5e0030213d0f4dcdaedf4d0c2464fad4065624fda8827b80ff2b"},
    {file = "dbus_fast-1.72.0-cp38-cp38-musllinux_1_1_i686.whl", hash = "sha256:a083f4a9933fb6669db05fe300fd4a991f16461000e897d0c88ae46141b71a1c"},
    {file = "dbus_fast-1.72.0-cp38-cp38-musllinux_1_1_x86_64.whl", hash = "sha256:8cb310823e6c5e1a6e2e38e32e1b6700e996fb3e23f79975ae8d3c6904413c6e"},
    {file = "dbus_fast-1.72.0-cp39-cp39-manylinux_2_17_i686.manylinux_2_5_i686.manylinux1_i686.manylinux2014_i686.whl", hash = "sha256:88bc3b3af6399c77511233b45cbf9224709015c01437ff163d5414f151689590"},
    {file = "dbus_fast-1.72.0-cp39-cp39-manylinux_2_17_x86_64.manylinux2014_x86_64.whl", hash = "sha256:dcf2d2c9038249a402b0201b8956750ba1b0234faa6e5fdcccf57e78a77665d3"},
    {file = "dbus_fast-1.72.0-cp39-cp39-manylinux_2_31_x86_64.whl", hash = "sha256:238b3a62ff1e78054023312bfb2c7cde623812855ead34bd8cb2672c88397ee9"},
    {file = "dbus_fast-1.72.0-cp39-cp39-musllinux_1_1_i686.whl", hash = "sha256:34c5f086e088742e4ec2e0c4415297e75c7d1e259f4edf3a0f28cf85710ddd0e"},
    {file = "dbus_fast-1.72.0-cp39-cp39-musllinux_1_1_x86_64.whl", hash = "sha256:cc637b0caecfef8ccf772b447480b796651cd7b1f8d7d3addb18f6c9ea75dd8c"},
    {file = "dbus_fast-1.72.0-pp37-pypy37_pp73-manylinux_2_17_i686.manylinux_2_5_i686.manylinux1_i686.manylinux2014_i686.whl", hash = "sha256:6891931f834dc5726db22269b91992ce260dae79f3bfd8308988be2387e96801"},
    {file = "dbus_fast-1.72.0-pp37-pypy37_pp73-manylinux_2_17_x86_64.manylinux2014_x86_64.whl", hash = "sha256:0da41a97ee09de0d192d849fafea3fc58d614cd64562af72c7d67b607a061642"},
    {file = "dbus_fast-1.72.0-pp38-pypy38_pp73-manylinux_2_17_i686.manylinux_2_5_i686.manylinux1_i686.manylinux2014_i686.whl", hash = "sha256:1f3ea1b2c2037b4eef2c442d79e049f17bcd7b7c24cfe1668b0f0914a55703a6"},
    {file = "dbus_fast-1.72.0-pp38-pypy38_pp73-manylinux_2_17_x86_64.manylinux_2_5_x86_64.manylinux1_x86_64.manylinux2014_x86_64.whl", hash = "sha256:75e7adaa29ee5e2bf717146d5ab2152d9ddee2792c9b73ceb523278ef8080146"},
    {file = "dbus_fast-1.72.0-pp39-pypy39_pp73-manylinux_2_17_i686.manylinux_2_5_i686.manylinux1_i686.manylinux2014_i686.whl", hash = "sha256:3cf6138fa9087c76dc20d34386843c923cee44a115ba294fe9f1f5c214b8e1ff"},
    {file = "dbus_fast-1.72.0-pp39-pypy39_pp73-manylinux_2_17_x86_64.manylinux_2_5_x86_64.manylinux1_x86_64.manylinux2014_x86_64.whl", hash = "sha256:74bdd6aec7fc5c145b3ac74de313f06abafa05779664dd7a9cac3135df44c329"},
    {file = "dbus_fast-1.72.0.tar.gz", hash = "sha256:9c5f09eba0da120abc60ad3ae2132ade4ad62f21bfbc26b1199a5a12c9ff4e3b"},
]
exceptiongroup = [
    {file = "exceptiongroup-1.0.1-py3-none-any.whl", hash = "sha256:4d6c0aa6dd825810941c792f53d7b8d71da26f5e5f84f20f9508e8f2d33b140a"},
    {file = "exceptiongroup-1.0.1.tar.gz", hash = "sha256:73866f7f842ede6cb1daa42c4af078e2035e5f7607f0e2c762cc51bb31bbe7b2"},
]
flake8 = [
    {file = "flake8-5.0.4-py2.py3-none-any.whl", hash = "sha256:7a1cf6b73744f5806ab95e526f6f0d8c01c66d7bbe349562d22dfca20610b248"},
    {file = "flake8-5.0.4.tar.gz", hash = "sha256:6fbe320aad8d6b95cec8b8e47bc933004678dc63095be98528b7bdd2a9f510db"},
]
iniconfig = [
    {file = "iniconfig-1.1.1-py2.py3-none-any.whl", hash = "sha256:011e24c64b7f47f6ebd835bb12a743f2fbe9a26d4cecaa7f53bc4f35ee9da8b3"},
    {file = "iniconfig-1.1.1.tar.gz", hash = "sha256:bc3af051d7d14b2ee5ef9969666def0cd1a000e121eaea580d4a313df4b37f32"},
]
mccabe = [
    {file = "mccabe-0.7.0-py2.py3-none-any.whl", hash = "sha256:6c2d30ab6be0e4a46919781807b4f0d834ebdd6c6e3dca0bda5a15f863427b6e"},
    {file = "mccabe-0.7.0.tar.gz", hash = "sha256:348e0240c33b60bbdf4e523192ef919f28cb2c3d7d5c7794f74009290f236325"},
]
mypy-extensions = [
    {file = "mypy_extensions-0.4.3-py2.py3-none-any.whl", hash = "sha256:090fedd75945a69ae91ce1303b5824f428daf5a028d2f6ab8a299250a846f15d"},
    {file = "mypy_extensions-0.4.3.tar.gz", hash = "sha256:2d82818f5bb3e369420cb3c4060a7970edba416647068eb4c5343488a6c604a8"},
]
packaging = [
    {file = "packaging-21.3-py3-none-any.whl", hash = "sha256:ef103e05f519cdc783ae24ea4e2e0f508a9c99b2d4969652eed6a2e1ea5bd522"},
    {file = "packaging-21.3.tar.gz", hash = "sha256:dd47c42927d89ab911e606518907cc2d3a1f38bbd026385970643f9c5b8ecfeb"},
]
pathspec = [
    {file = "pathspec-0.10.1-py3-none-any.whl", hash = "sha256:46846318467efc4556ccfd27816e004270a9eeeeb4d062ce5e6fc7a87c573f93"},
    {file = "pathspec-0.10.1.tar.gz", hash = "sha256:7ace6161b621d31e7902eb6b5ae148d12cfd23f4a249b9ffb6b9fee12084323d"},
]
platformdirs = [
    {file = "platformdirs-2.5.3-py3-none-any.whl", hash = "sha256:0cb405749187a194f444c25c82ef7225232f11564721eabffc6ec70df83b11cb"},
    {file = "platformdirs-2.5.3.tar.gz", hash = "sha256:6e52c21afff35cb659c6e52d8b4d61b9bd544557180440538f255d9382c8cbe0"},
]
pluggy = [
    {file = "pluggy-1.0.0-py2.py3-none-any.whl", hash = "sha256:74134bbf457f031a36d68416e1509f34bd5ccc019f0bcc952c7b909d06b37bd3"},
    {file = "pluggy-1.0.0.tar.gz", hash = "sha256:4224373bacce55f955a878bf9cfa763c1e360858e330072059e10bad68531159"},
]
pycodestyle = [
    {file = "pycodestyle-2.9.1-py2.py3-none-any.whl", hash = "sha256:d1735fc58b418fd7c5f658d28d943854f8a849b01a5d0a1e6f3f3fdd0166804b"},
    {file = "pycodestyle-2.9.1.tar.gz", hash = "sha256:2c9607871d58c76354b697b42f5d57e1ada7d261c261efac224b664affdc5785"},
]
pyflakes = [
    {file = "pyflakes-2.5.0-py2.py3-none-any.whl", hash = "sha256:4579f67d887f804e67edb544428f264b7b24f435b263c4614f384135cea553d2"},
    {file = "pyflakes-2.5.0.tar.gz", hash = "sha256:491feb020dca48ccc562a8c0cbe8df07ee13078df59813b83959cbdada312ea3"},
]
pyobjc-core = [
    {file = "pyobjc-core-8.5.1.tar.gz", hash = "sha256:f8592a12de076c27006700c4a46164478564fa33d7da41e7cbdd0a3bf9ddbccf"},
    {file = "pyobjc_core-8.5.1-cp310-cp310-macosx_10_9_universal2.whl", hash = "sha256:b62dcf987cc511188fc2aa5b4d3b9fd895361ea4984380463497ce4b0752ddf4"},
    {file = "pyobjc_core-8.5.1-cp311-cp311-macosx_10_9_universal2.whl", hash = "sha256:0accc653501a655f66c13f149a1d3d30e6cb65824edf852f7960a00c4f930d5b"},
    {file = "pyobjc_core-8.5.1-cp36-cp36m-macosx_10_9_x86_64.whl", hash = "sha256:f82b32affc898e9e5af041c1cecde2c99f2ce160b87df77f678c99f1550a4655"},
    {file = "pyobjc_core-8.5.1-cp37-cp37m-macosx_10_9_x86_64.whl", hash = "sha256:f7b2f6b6f3caeb882c658fe0c7098be2e8b79893d84daa8e636cb3e58a07df00"},
    {file = "pyobjc_core-8.5.1-cp38-cp38-macosx_10_9_x86_64.whl", hash = "sha256:872c0202c911a5a2f1269261c168e36569f6ddac17e5d854ac19e581726570cc"},
    {file = "pyobjc_core-8.5.1-cp38-cp38-macosx_11_0_universal2.whl", hash = "sha256:21f92e231a4bae7f2d160d065f5afbf5e859a1e37f29d34ac12592205fc8c108"},
    {file = "pyobjc_core-8.5.1-cp39-cp39-macosx_10_9_universal2.whl", hash = "sha256:315334dd09781129af6a39641248891c4caa57043901750b0139c6614ce84ec0"},
]
pyobjc-framework-cocoa = [
    {file = "pyobjc-framework-Cocoa-8.5.1.tar.gz", hash = "sha256:9a3de5cdb4644e85daf53f2ed912ef6c16ea5804a9e65552eafe62c2e139eb8c"},
    {file = "pyobjc_framework_Cocoa-8.5.1-cp310-cp310-macosx_10_9_universal2.whl", hash = "sha256:aa572acc2628488a47be8d19f4701fc96fce7377cc4da18316e1e08c3918521a"},
    {file = "pyobjc_framework_Cocoa-8.5.1-cp311-cp311-macosx_10_9_universal2.whl", hash = "sha256:cb3ae21c8d81b7f02a891088c623cef61bca89bd671eff58c632d2f926b649f3"},
    {file = "pyobjc_framework_Cocoa-8.5.1-cp36-cp36m-macosx_10_9_x86_64.whl", hash = "sha256:88f08f5bd94c66d373d8413c1d08218aff4cff0b586e0cc4249b2284023e7577"},
    {file = "pyobjc_framework_Cocoa-8.5.1-cp37-cp37m-macosx_10_9_x86_64.whl", hash = "sha256:063683b57e4bd88cb0f9631ae65d25ec4eecf427d2fe8d0c578f88da9c896f3f"},
    {file = "pyobjc_framework_Cocoa-8.5.1-cp38-cp38-macosx_10_9_x86_64.whl", hash = "sha256:8f8806ddfac40620fb27f185d0f8937e69e330617319ecc2eccf6b9c8451bdd1"},
    {file = "pyobjc_framework_Cocoa-8.5.1-cp38-cp38-macosx_11_0_universal2.whl", hash = "sha256:7733a9a201df9e0cc2a0cf7bf54d76bd7981cba9b599353b243e3e0c9eefec10"},
    {file = "pyobjc_framework_Cocoa-8.5.1-cp39-cp39-macosx_10_9_universal2.whl", hash = "sha256:f0ab227f99d3e25dd3db73f8cde0999914a5f0dd6a08600349d25f95eaa0da63"},
]
pyobjc-framework-corebluetooth = [
    {file = "pyobjc-framework-CoreBluetooth-8.5.1.tar.gz", hash = "sha256:b4f621fc3b5bf289db58e64fd746773b18297f87a0ffc5502de74f69133301c1"},
    {file = "pyobjc_framework_CoreBluetooth-8.5.1-cp36-abi3-macosx_10_9_universal2.whl", hash = "sha256:bc720f2987a4d28dc73b13146e7c104d717100deb75c244da68f1d0849096661"},
    {file = "pyobjc_framework_CoreBluetooth-8.5.1-cp36-abi3-macosx_10_9_x86_64.whl", hash = "sha256:2167f22886beb5b3ae69e475e055403f28eab065c49a25e2b98b050b483be799"},
    {file = "pyobjc_framework_CoreBluetooth-8.5.1-cp36-abi3-macosx_11_0_universal2.whl", hash = "sha256:aa9587a36eca143701731e8bb6c369148f8cc48c28168d41e7323828e5117f2d"},
]
pyobjc-framework-libdispatch = [
    {file = "pyobjc-framework-libdispatch-8.5.1.tar.gz", hash = "sha256:066fb34fceb326307559104d45532ec2c7b55426f9910b70dbefd5d1b8fd530f"},
    {file = "pyobjc_framework_libdispatch-8.5.1-cp310-cp310-macosx_10_9_universal2.whl", hash = "sha256:a316646ab30ba2a97bc828f8e27e7bb79efdf993d218a9c5118396b4f81dc762"},
    {file = "pyobjc_framework_libdispatch-8.5.1-cp311-cp311-macosx_10_9_universal2.whl", hash = "sha256:7730a29e4d9c7d8c2e8d9ffb60af0ab6699b2186296d2bff0a2dd54527578bc3"},
    {file = "pyobjc_framework_libdispatch-8.5.1-cp36-cp36m-macosx_10_9_x86_64.whl", hash = "sha256:76208d9d2b0071df2950800495ac0300360bb5f25cbe9ab880b65cb809764979"},
    {file = "pyobjc_framework_libdispatch-8.5.1-cp37-cp37m-macosx_10_9_x86_64.whl", hash = "sha256:1ad9aa4773ff1d89bf4385c081824c4f8708b50e3ac2fe0a9d590153242c0f67"},
    {file = "pyobjc_framework_libdispatch-8.5.1-cp38-cp38-macosx_10_9_x86_64.whl", hash = "sha256:81e1833bd26f15930faba678f9efdffafc79ec04e2ea8b6d1b88cafc0883af97"},
    {file = "pyobjc_framework_libdispatch-8.5.1-cp38-cp38-macosx_11_0_universal2.whl", hash = "sha256:73226e224436eb6383e7a8a811c90ed597995adb155b4f46d727881a383ac550"},
    {file = "pyobjc_framework_libdispatch-8.5.1-cp39-cp39-macosx_10_9_universal2.whl", hash = "sha256:d115355ce446fc073c75cedfd7ab0a13958adda8e3a3b1e421e1f1e5f65640da"},
]
pyparsing = [
    {file = "pyparsing-3.0.9-py3-none-any.whl", hash = "sha256:5026bae9a10eeaefb61dab2f09052b9f4307d44aee4eda64b309723d8d206bbc"},
    {file = "pyparsing-3.0.9.tar.gz", hash = "sha256:2b020ecf7d21b687f219b71ecad3631f644a47f01403fa1d1036b0c6416d70fb"},
]
pytest = [
    {file = "pytest-7.2.0-py3-none-any.whl", hash = "sha256:892f933d339f068883b6fd5a459f03d85bfcb355e4981e146d2c7616c21fef71"},
    {file = "pytest-7.2.0.tar.gz", hash = "sha256:c4014eb40e10f11f355ad4e3c2fb2c6c6d1919c73f3b5a433de4708202cade59"},
]
pytest-asyncio = [
    {file = "pytest-asyncio-0.20.1.tar.gz", hash = "sha256:626699de2a747611f3eeb64168b3575f70439b06c3d0206e6ceaeeb956e65519"},
    {file = "pytest_asyncio-0.20.1-py3-none-any.whl", hash = "sha256:2c85a835df33fda40fe3973b451e0c194ca11bc2c007eabff90bb3d156fc172b"},
]
tomli = [
    {file = "tomli-2.0.1-py3-none-any.whl", hash = "sha256:939de3e7a6161af0c887ef91b7d41a53e7c5a1ca976325f429cb46ea9bc30ecc"},
    {file = "tomli-2.0.1.tar.gz", hash = "sha256:de526c12914f0c550d15924c62d72abc48d6fe7364aa87328337a31007fe8a4f"},
]
typing-extensions = [
    {file = "typing_extensions-4.4.0-py3-none-any.whl", hash = "sha256:16fa4864408f655d35ec496218b85f79b3437c829e93320c7c9215ccfd92489e"},
    {file = "typing_extensions-4.4.0.tar.gz", hash = "sha256:1511434bb92bf8dd198c12b1cc812e800d4181cfcb867674e0f8279cc93087aa"},
]
